// !$*UTF8*$!
{
	archiveVersion = 1;
	classes = {
	};
	objectVersion = 50;
	objects = {

/* Begin PBXBuildFile section */
		CF1A277A22476B98006C0CF3 /* AppDelegate.m in Sources */ = {isa = PBXBuildFile; fileRef = CF1A277922476B98006C0CF3 /* AppDelegate.m */; };
		CF1A277D22476B98006C0CF3 /* ViewController.m in Sources */ = {isa = PBXBuildFile; fileRef = CF1A277C22476B98006C0CF3 /* ViewController.m */; };
		CF1A278022476B98006C0CF3 /* Main.storyboard in Resources */ = {isa = PBXBuildFile; fileRef = CF1A277E22476B98006C0CF3 /* Main.storyboard */; };
		CF1A278222476B9A006C0CF3 /* Assets.xcassets in Resources */ = {isa = PBXBuildFile; fileRef = CF1A278122476B9A006C0CF3 /* Assets.xcassets */; };
		CF1A278522476B9A006C0CF3 /* LaunchScreen.storyboard in Resources */ = {isa = PBXBuildFile; fileRef = CF1A278322476B9A006C0CF3 /* LaunchScreen.storyboard */; };
		CF1A278822476B9A006C0CF3 /* main.m in Sources */ = {isa = PBXBuildFile; fileRef = CF1A278722476B9A006C0CF3 /* main.m */; };
/* End PBXBuildFile section */

/* Begin PBXFileReference section */
		CF1A277522476B98006C0CF3 /* LocalNotificationDemo_Object-C.app */ = {isa = PBXFileReference; explicitFileType = wrapper.application; includeInIndex = 0; path = "LocalNotificationDemo_Object-C.app"; sourceTree = BUILT_PRODUCTS_DIR; };
		CF1A277822476B98006C0CF3 /* AppDelegate.h */ = {isa = PBXFileReference; lastKnownFileType = sourcecode.c.h; path = AppDelegate.h; sourceTree = "<group>"; };
		CF1A277922476B98006C0CF3 /* AppDelegate.m */ = {isa = PBXFileReference; lastKnownFileType = sourcecode.c.objc; path = AppDelegate.m; sourceTree = "<group>"; };
		CF1A277B22476B98006C0CF3 /* ViewController.h */ = {isa = PBXFileReference; lastKnownFileType = sourcecode.c.h; path = ViewController.h; sourceTree = "<group>"; };
		CF1A277C22476B98006C0CF3 /* ViewController.m */ = {isa = PBXFileReference; lastKnownFileType = sourcecode.c.objc; path = ViewController.m; sourceTree = "<group>"; };
		CF1A277F22476B98006C0CF3 /* Base */ = {isa = PBXFileReference; lastKnownFileType = file.storyboard; name = Base; path = Base.lproj/Main.storyboard; sourceTree = "<group>"; };
		CF1A278122476B9A006C0CF3 /* Assets.xcassets */ = {isa = PBXFileReference; lastKnownFileType = folder.assetcatalog; path = Assets.xcassets; sourceTree = "<group>"; };
		CF1A278422476B9A006C0CF3 /* Base */ = {isa = PBXFileReference; lastKnownFileType = file.storyboard; name = Base; path = Base.lproj/LaunchScreen.storyboard; sourceTree = "<group>"; };
		CF1A278622476B9A006C0CF3 /* Info.plist */ = {isa = PBXFileReference; lastKnownFileType = text.plist.xml; path = Info.plist; sourceTree = "<group>"; };
		CF1A278722476B9A006C0CF3 /* main.m */ = {isa = PBXFileReference; lastKnownFileType = sourcecode.c.objc; path = main.m; sourceTree = "<group>"; };
/* End PBXFileReference section */

/* Begin PBXFrameworksBuildPhase section */
		CF1A277222476B98006C0CF3 /* Frameworks */ = {
			isa = PBXFrameworksBuildPhase;
			buildActionMask = 2147483647;
			files = (
			);
			runOnlyForDeploymentPostprocessing = 0;
		};
/* End PBXFrameworksBuildPhase section */

/* Begin PBXGroup section */
		CF1A276C22476B98006C0CF3 = {
			isa = PBXGroup;
			children = (
				CF1A277722476B98006C0CF3 /* LocalNotificationDemo_Object-C */,
				CF1A277622476B98006C0CF3 /* Products */,
			);
			sourceTree = "<group>";
		};
		CF1A277622476B98006C0CF3 /* Products */ = {
			isa = PBXGroup;
			children = (
				CF1A277522476B98006C0CF3 /* LocalNotificationDemo_Object-C.app */,
			);
			name = Products;
			sourceTree = "<group>";
		};
		CF1A277722476B98006C0CF3 /* LocalNotificationDemo_Object-C */ = {
			isa = PBXGroup;
			children = (
				CF1A277822476B98006C0CF3 /* AppDelegate.h */,
				CF1A277922476B98006C0CF3 /* AppDelegate.m */,
				CF1A277B22476B98006C0CF3 /* ViewController.h */,
				CF1A277C22476B98006C0CF3 /* ViewController.m */,
				CF1A277E22476B98006C0CF3 /* Main.storyboard */,
				CF1A278122476B9A006C0CF3 /* Assets.xcassets */,
				CF1A278322476B9A006C0CF3 /* LaunchScreen.storyboard */,
				CF1A278622476B9A006C0CF3 /* Info.plist */,
				CF1A278722476B9A006C0CF3 /* main.m */,
			);
			path = "LocalNotificationDemo_Object-C";
			sourceTree = "<group>";
		};
/* End PBXGroup section */

/* Begin PBXNativeTarget section */
		CF1A277422476B98006C0CF3 /* LocalNotificationDemo_Object-C */ = {
			isa = PBXNativeTarget;
			buildConfigurationList = CF1A278B22476B9A006C0CF3 /* Build configuration list for PBXNativeTarget "LocalNotificationDemo_Object-C" */;
			buildPhases = (
				CF1A277122476B98006C0CF3 /* Sources */,
				CF1A277222476B98006C0CF3 /* Frameworks */,
				CF1A277322476B98006C0CF3 /* Resources */,
			);
			buildRules = (
			);
			dependencies = (
			);
			name = "LocalNotificationDemo_Object-C";
			productName = "LocalNotificationDemo_Object-C";
			productReference = CF1A277522476B98006C0CF3 /* LocalNotificationDemo_Object-C.app */;
			productType = "com.apple.product-type.application";
		};
/* End PBXNativeTarget section */

/* Begin PBXProject section */
		CF1A276D22476B98006C0CF3 /* Project object */ = {
			isa = PBXProject;
			attributes = {
				LastUpgradeCheck = 1010;
				ORGANIZATIONNAME = "沙庭宇";
				TargetAttributes = {
					CF1A277422476B98006C0CF3 = {
						CreatedOnToolsVersion = 10.1;
					};
				};
			};
			buildConfigurationList = CF1A277022476B98006C0CF3 /* Build configuration list for PBXProject "LocalNotificationDemo_Object-C" */;
			compatibilityVersion = "Xcode 9.3";
			developmentRegion = en;
			hasScannedForEncodings = 0;
			knownRegions = (
				en,
				Base,
			);
			mainGroup = CF1A276C22476B98006C0CF3;
			productRefGroup = CF1A277622476B98006C0CF3 /* Products */;
			projectDirPath = "";
			projectRoot = "";
			targets = (
				CF1A277422476B98006C0CF3 /* LocalNotificationDemo_Object-C */,
			);
		};
/* End PBXProject section */

/* Begin PBXResourcesBuildPhase section */
		CF1A277322476B98006C0CF3 /* Resources */ = {
			isa = PBXResourcesBuildPhase;
			buildActionMask = 2147483647;
			files = (
				CF1A278522476B9A006C0CF3 /* LaunchScreen.storyboard in Resources */,
				CF1A278222476B9A006C0CF3 /* Assets.xcassets in Resources */,
				CF1A278022476B98006C0CF3 /* Main.storyboard in Resources */,
			);
			runOnlyForDeploymentPostprocessing = 0;
		};
/* End PBXResourcesBuildPhase section */

/* Begin PBXSourcesBuildPhase section */
		CF1A277122476B98006C0CF3 /* Sources */ = {
			isa = PBXSourcesBuildPhase;
			buildActionMask = 2147483647;
			files = (
				CF1A277D22476B98006C0CF3 /* ViewController.m in Sources */,
				CF1A278822476B9A006C0CF3 /* main.m in Sources */,
				CF1A277A22476B98006C0CF3 /* AppDelegate.m in Sources */,
			);
			runOnlyForDeploymentPostprocessing = 0;
		};
/* End PBXSourcesBuildPhase section */

/* Begin PBXVariantGroup section */
		CF1A277E22476B98006C0CF3 /* Main.storyboard */ = {
			isa = PBXVariantGroup;
			children = (
				CF1A277F22476B98006C0CF3 /* Base */,
			);
			name = Main.storyboard;
			sourceTree = "<group>";
		};
		CF1A278322476B9A006C0CF3 /* LaunchScreen.storyboard */ = {
			isa = PBXVariantGroup;
			children = (
				CF1A278422476B9A006C0CF3 /* Base */,
			);
			name = LaunchScreen.storyboard;
			sourceTree = "<group>";
		};
/* End PBXVariantGroup section */

/* Begin XCBuildConfiguration section */
		CF1A278922476B9A006C0CF3 /* Debug */ = {
			isa = XCBuildConfiguration;
			buildSettings = {
				ALWAYS_SEARCH_USER_PATHS = NO;
				CLANG_ANALYZER_NONNULL = YES;
				CLANG_ANALYZER_NUMBER_OBJECT_CONVERSION = YES_AGGRESSIVE;
				CLANG_CXX_LANGUAGE_STANDARD = "gnu++14";
				CLANG_CXX_LIBRARY = "libc++";
				CLANG_ENABLE_MODULES = YES;
				CLANG_ENABLE_OBJC_ARC = YES;
				CLANG_ENABLE_OBJC_WEAK = YES;
				CLANG_WARN_BLOCK_CAPTURE_AUTORELEASING = YES;
				CLANG_WARN_BOOL_CONVERSION = YES;
				CLANG_WARN_COMMA = YES;
				CLANG_WARN_CONSTANT_CONVERSION = YES;
				CLANG_WARN_DEPRECATED_OBJC_IMPLEMENTATIONS = YES;
				CLANG_WARN_DIRECT_OBJC_ISA_USAGE = YES_ERROR;
				CLANG_WARN_DOCUMENTATION_COMMENTS = YES;
				CLANG_WARN_EMPTY_BODY = YES;
				CLANG_WARN_ENUM_CONVERSION = YES;
				CLANG_WARN_INFINITE_RECURSION = YES;
				CLANG_WARN_INT_CONVERSION = YES;
				CLANG_WARN_NON_LITERAL_NULL_CONVERSION = YES;
				CLANG_WARN_OBJC_IMPLICIT_RETAIN_SELF = YES;
				CLANG_WARN_OBJC_LITERAL_CONVERSION = YES;
				CLANG_WARN_OBJC_ROOT_CLASS = YES_ERROR;
				CLANG_WARN_RANGE_LOOP_ANALYSIS = YES;
				CLANG_WARN_STRICT_PROTOTYPES = YES;
				CLANG_WARN_SUSPICIOUS_MOVE = YES;
				CLANG_WARN_UNGUARDED_AVAILABILITY = YES_AGGRESSIVE;
				CLANG_WARN_UNREACHABLE_CODE = YES;
				CLANG_WARN__DUPLICATE_METHOD_MATCH = YES;
				CODE_SIGN_IDENTITY = "iPhone Developer";
				COPY_PHASE_STRIP = NO;
				DEBUG_INFORMATION_FORMAT = dwarf;
				ENABLE_STRICT_OBJC_MSGSEND = YES;
				ENABLE_TESTABILITY = YES;
				GCC_C_LANGUAGE_STANDARD = gnu11;
				GCC_DYNAMIC_NO_PIC = NO;
				GCC_NO_COMMON_BLOCKS = YES;
				GCC_OPTIMIZATION_LEVEL = 0;
				GCC_PREPROCESSOR_DEFINITIONS = (
					"DEBUG=1",
					"$(inherited)",
				);
				GCC_WARN_64_TO_32_BIT_CONVERSION = YES;
				GCC_WARN_ABOUT_RETURN_TYPE = YES_ERROR;
				GCC_WARN_UNDECLARED_SELECTOR = YES;
				GCC_WARN_UNINITIALIZED_AUTOS = YES_AGGRESSIVE;
				GCC_WARN_UNUSED_FUNCTION = YES;
				GCC_WARN_UNUSED_VARIABLE = YES;
				IPHONEOS_DEPLOYMENT_TARGET = 9.0;
				MTL_ENABLE_DEBUG_INFO = INCLUDE_SOURCE;
				MTL_FAST_MATH = YES;
				ONLY_ACTIVE_ARCH = YES;
				SDKROOT = iphoneos;
			};
			name = Debug;
		};
		CF1A278A22476B9A006C0CF3 /* Release */ = {
			isa = XCBuildConfiguration;
			buildSettings = {
				ALWAYS_SEARCH_USER_PATHS = NO;
				CLANG_ANALYZER_NONNULL = YES;
				CLANG_ANALYZER_NUMBER_OBJECT_CONVERSION = YES_AGGRESSIVE;
				CLANG_CXX_LANGUAGE_STANDARD = "gnu++14";
				CLANG_CXX_LIBRARY = "libc++";
				CLANG_ENABLE_MODULES = YES;
				CLANG_ENABLE_OBJC_ARC = YES;
				CLANG_ENABLE_OBJC_WEAK = YES;
				CLANG_WARN_BLOCK_CAPTURE_AUTORELEASING = YES;
				CLANG_WARN_BOOL_CONVERSION = YES;
				CLANG_WARN_COMMA = YES;
				CLANG_WARN_CONSTANT_CONVERSION = YES;
				CLANG_WARN_DEPRECATED_OBJC_IMPLEMENTATIONS = YES;
				CLANG_WARN_DIRECT_OBJC_ISA_USAGE = YES_ERROR;
				CLANG_WARN_DOCUMENTATION_COMMENTS = YES;
				CLANG_WARN_EMPTY_BODY = YES;
				CLANG_WARN_ENUM_CONVERSION = YES;
				CLANG_WARN_INFINITE_RECURSION = YES;
				CLANG_WARN_INT_CONVERSION = YES;
				CLANG_WARN_NON_LITERAL_NULL_CONVERSION = YES;
				CLANG_WARN_OBJC_IMPLICIT_RETAIN_SELF = YES;
				CLANG_WARN_OBJC_LITERAL_CONVERSION = YES;
				CLANG_WARN_OBJC_ROOT_CLASS = YES_ERROR;
				CLANG_WARN_RANGE_LOOP_ANALYSIS = YES;
				CLANG_WARN_STRICT_PROTOTYPES = YES;
				CLANG_WARN_SUSPICIOUS_MOVE = YES;
				CLANG_WARN_UNGUARDED_AVAILABILITY = YES_AGGRESSIVE;
				CLANG_WARN_UNREACHABLE_CODE = YES;
				CLANG_WARN__DUPLICATE_METHOD_MATCH = YES;
				CODE_SIGN_IDENTITY = "iPhone Developer";
				COPY_PHASE_STRIP = NO;
				DEBUG_INFORMATION_FORMAT = "dwarf-with-dsym";
				ENABLE_NS_ASSERTIONS = NO;
				ENABLE_STRICT_OBJC_MSGSEND = YES;
				GCC_C_LANGUAGE_STANDARD = gnu11;
				GCC_NO_COMMON_BLOCKS = YES;
				GCC_WARN_64_TO_32_BIT_CONVERSION = YES;
				GCC_WARN_ABOUT_RETURN_TYPE = YES_ERROR;
				GCC_WARN_UNDECLARED_SELECTOR = YES;
				GCC_WARN_UNINITIALIZED_AUTOS = YES_AGGRESSIVE;
				GCC_WARN_UNUSED_FUNCTION = YES;
				GCC_WARN_UNUSED_VARIABLE = YES;
				IPHONEOS_DEPLOYMENT_TARGET = 9.0;
				MTL_ENABLE_DEBUG_INFO = NO;
				MTL_FAST_MATH = YES;
				SDKROOT = iphoneos;
				VALIDATE_PRODUCT = YES;
			};
			name = Release;
		};
		CF1A278C22476B9A006C0CF3 /* Debug */ = {
			isa = XCBuildConfiguration;
			buildSettings = {
				ASSETCATALOG_COMPILER_APPICON_NAME = AppIcon;
				CODE_SIGN_STYLE = Automatic;
				DEVELOPMENT_TEAM = M63VJAKNFU;
				INFOPLIST_FILE = "LocalNotificationDemo_Object-C/Info.plist";
				IPHONEOS_DEPLOYMENT_TARGET = 9.0;
				LD_RUNPATH_SEARCH_PATHS = (
					"$(inherited)",
					"@executable_path/Frameworks",
				);
				PRODUCT_BUNDLE_IDENTIFIER = "com.fish.LocalNotificationDemo-Object-C";
				PRODUCT_NAME = "$(TARGET_NAME)";
				TARGETED_DEVICE_FAMILY = 1;
			};
			name = Debug;
		};
		CF1A278D22476B9A006C0CF3 /* Release */ = {
			isa = XCBuildConfiguration;
			buildSettings = {
				ASSETCATALOG_COMPILER_APPICON_NAME = AppIcon;
				CODE_SIGN_STYLE = Automatic;
				DEVELOPMENT_TEAM = M63VJAKNFU;
				INFOPLIST_FILE = "LocalNotificationDemo_Object-C/Info.plist";
				IPHONEOS_DEPLOYMENT_TARGET = 9.0;
				LD_RUNPATH_SEARCH_PATHS = (
					"$(inherited)",
					"@executable_path/Frameworks",
				);
				PRODUCT_BUNDLE_IDENTIFIER = "com.fish.LocalNotificationDemo-Object-C";
				PRODUCT_NAME = "$(TARGET_NAME)";
				TARGETED_DEVICE_FAMILY = 1;
			};
			name = Release;
		};
/* End XCBuildConfiguration section */

/* Begin XCConfigurationList section */
		CF1A277022476B98006C0CF3 /* Build configuration list for PBXProject "LocalNotificationDemo_Object-C" */ = {
			isa = XCConfigurationList;
			buildConfigurations = (
				CF1A278922476B9A006C0CF3 /* Debug */,
				CF1A278A22476B9A006C0CF3 /* Release */,
			);
			defaultConfigurationIsVisible = 0;
			defaultConfigurationName = Release;
		};
		CF1A278B22476B9A006C0CF3 /* Build configuration list for PBXNativeTarget "LocalNotificationDemo_Object-C" */ = {
			isa = XCConfigurationList;
			buildConfigurations = (
				CF1A278C22476B9A006C0CF3 /* Debug */,
				CF1A278D22476B9A006C0CF3 /* Release */,
			);
			defaultConfigurationIsVisible = 0;
			defaultConfigurationName = Release;
		};
/* End XCConfigurationList section */
	};
	rootObject = CF1A276D22476B98006C0CF3 /* Project object */;
}
